// !$*UTF8*$!
{
	archiveVersion = 1;
	classes = {
	};
	objectVersion = 55;
	objects = {

/* Begin PBXBuildFile section */
		E7393F8E27BD6F290069830A /* AppDelegate.swift in Sources */ = {isa = PBXBuildFile; fileRef = E7393F8D27BD6F290069830A /* AppDelegate.swift */; };
		E7393F9027BD6F290069830A /* SceneDelegate.swift in Sources */ = {isa = PBXBuildFile; fileRef = E7393F8F27BD6F290069830A /* SceneDelegate.swift */; };
		E7393F9227BD6F290069830A /* ViewController.swift in Sources */ = {isa = PBXBuildFile; fileRef = E7393F9127BD6F290069830A /* ViewController.swift */; };
		E7393F9527BD6F290069830A /* Main.storyboard in Resources */ = {isa = PBXBuildFile; fileRef = E7393F9327BD6F290069830A /* Main.storyboard */; };
		E7393F9727BD6F2A0069830A /* Assets.xcassets in Resources */ = {isa = PBXBuildFile; fileRef = E7393F9627BD6F2A0069830A /* Assets.xcassets */; };
		E7393F9A27BD6F2A0069830A /* LaunchScreen.storyboard in Resources */ = {isa = PBXBuildFile; fileRef = E7393F9827BD6F2A0069830A /* LaunchScreen.storyboard */; };
		E7393FA627BD6FB30069830A /* ContactView.swift in Sources */ = {isa = PBXBuildFile; fileRef = E7393FA527BD6FB30069830A /* ContactView.swift */; };
		E7393FA827BD73BA0069830A /* ContactViewCell.swift in Sources */ = {isa = PBXBuildFile; fileRef = E7393FA727BD73BA0069830A /* ContactViewCell.swift */; };
		E7393FAA27BD750B0069830A /* ContactModel.swift in Sources */ = {isa = PBXBuildFile; fileRef = E7393FA927BD750B0069830A /* ContactModel.swift */; };
		E7393FAC27BD766E0069830A /* ContactModelItem.swift in Sources */ = {isa = PBXBuildFile; fileRef = E7393FAB27BD766E0069830A /* ContactModelItem.swift */; };
/* End PBXBuildFile section */

/* Begin PBXFileReference section */
		E7393F8A27BD6F290069830A /* ContactsManager.app */ = {isa = PBXFileReference; explicitFileType = wrapper.application; includeInIndex = 0; path = ContactsManager.app; sourceTree = BUILT_PRODUCTS_DIR; };
		E7393F8D27BD6F290069830A /* AppDelegate.swift */ = {isa = PBXFileReference; lastKnownFileType = sourcecode.swift; path = AppDelegate.swift; sourceTree = "<group>"; };
		E7393F8F27BD6F290069830A /* SceneDelegate.swift */ = {isa = PBXFileReference; lastKnownFileType = sourcecode.swift; path = SceneDelegate.swift; sourceTree = "<group>"; };
		E7393F9127BD6F290069830A /* ViewController.swift */ = {isa = PBXFileReference; lastKnownFileType = sourcecode.swift; path = ViewController.swift; sourceTree = "<group>"; };
		E7393F9427BD6F290069830A /* Base */ = {isa = PBXFileReference; lastKnownFileType = file.storyboard; name = Base; path = Base.lproj/Main.storyboard; sourceTree = "<group>"; };
		E7393F9627BD6F2A0069830A /* Assets.xcassets */ = {isa = PBXFileReference; lastKnownFileType = folder.assetcatalog; path = Assets.xcassets; sourceTree = "<group>"; };
		E7393F9927BD6F2A0069830A /* Base */ = {isa = PBXFileReference; lastKnownFileType = file.storyboard; name = Base; path = Base.lproj/LaunchScreen.storyboard; sourceTree = "<group>"; };
		E7393F9B27BD6F2A0069830A /* Info.plist */ = {isa = PBXFileReference; lastKnownFileType = text.plist.xml; path = Info.plist; sourceTree = "<group>"; };
		E7393FA527BD6FB30069830A /* ContactView.swift */ = {isa = PBXFileReference; lastKnownFileType = sourcecode.swift; path = ContactView.swift; sourceTree = "<group>"; };
		E7393FA727BD73BA0069830A /* ContactViewCell.swift */ = {isa = PBXFileReference; lastKnownFileType = sourcecode.swift; path = ContactViewCell.swift; sourceTree = "<group>"; };
		E7393FA927BD750B0069830A /* ContactModel.swift */ = {isa = PBXFileReference; lastKnownFileType = sourcecode.swift; path = ContactModel.swift; sourceTree = "<group>"; };
		E7393FAB27BD766E0069830A /* ContactModelItem.swift */ = {isa = PBXFileReference; lastKnownFileType = sourcecode.swift; path = ContactModelItem.swift; sourceTree = "<group>"; };
/* End PBXFileReference section */

/* Begin PBXFrameworksBuildPhase section */
		E7393F8727BD6F290069830A /* Frameworks */ = {
			isa = PBXFrameworksBuildPhase;
			buildActionMask = 2147483647;
			files = (
			);
			runOnlyForDeploymentPostprocessing = 0;
		};
/* End PBXFrameworksBuildPhase section */

/* Begin PBXGroup section */
		E7393F8127BD6F290069830A = {
			isa = PBXGroup;
			children = (
				E7393F8C27BD6F290069830A /* ContactsManager */,
				E7393F8B27BD6F290069830A /* Products */,
			);
			sourceTree = "<group>";
		};
		E7393F8B27BD6F290069830A /* Products */ = {
			isa = PBXGroup;
			children = (
				E7393F8A27BD6F290069830A /* ContactsManager.app */,
			);
			name = Products;
			sourceTree = "<group>";
		};
		E7393F8C27BD6F290069830A /* ContactsManager */ = {
			isa = PBXGroup;
			children = (
				E7393FA427BD6F720069830A /* Model */,
				E7393FA127BD6F380069830A /* View */,
				E7393FA327BD6F690069830A /* Controller */,
				E7393FA227BD6F3C0069830A /* Resources */,
			);
			path = ContactsManager;
			sourceTree = "<group>";
		};
		E7393FA127BD6F380069830A /* View */ = {
			isa = PBXGroup;
			children = (
				E7393FA527BD6FB30069830A /* ContactView.swift */,
				E7393FA727BD73BA0069830A /* ContactViewCell.swift */,
			);
			path = View;
			sourceTree = "<group>";
		};
		E7393FA227BD6F3C0069830A /* Resources */ = {
			isa = PBXGroup;
			children = (
				E7393F8D27BD6F290069830A /* AppDelegate.swift */,
				E7393F8F27BD6F290069830A /* SceneDelegate.swift */,
				E7393F9327BD6F290069830A /* Main.storyboard */,
				E7393F9827BD6F2A0069830A /* LaunchScreen.storyboard */,
				E7393F9627BD6F2A0069830A /* Assets.xcassets */,
				E7393F9B27BD6F2A0069830A /* Info.plist */,
			);
			path = Resources;
			sourceTree = "<group>";
		};
		E7393FA327BD6F690069830A /* Controller */ = {
			isa = PBXGroup;
			children = (
				E7393F9127BD6F290069830A /* ViewController.swift */,
			);
			path = Controller;
			sourceTree = "<group>";
		};
		E7393FA427BD6F720069830A /* Model */ = {
			isa = PBXGroup;
			children = (
				E7393FA927BD750B0069830A /* ContactModel.swift */,
				E7393FAB27BD766E0069830A /* ContactModelItem.swift */,
			);
			path = Model;
			sourceTree = "<group>";
		};
/* End PBXGroup section */

/* Begin PBXNativeTarget section */
		E7393F8927BD6F290069830A /* ContactsManager */ = {
			isa = PBXNativeTarget;
			buildConfigurationList = E7393F9E27BD6F2A0069830A /* Build configuration list for PBXNativeTarget "ContactsManager" */;
			buildPhases = (
				E7393F8627BD6F290069830A /* Sources */,
				E7393F8727BD6F290069830A /* Frameworks */,
				E7393F8827BD6F290069830A /* Resources */,
			);
			buildRules = (
			);
			dependencies = (
			);
			name = ContactsManager;
			productName = ContactsManager;
			productReference = E7393F8A27BD6F290069830A /* ContactsManager.app */;
			productType = "com.apple.product-type.application";
		};
/* End PBXNativeTarget section */

/* Begin PBXProject section */
		E7393F8227BD6F290069830A /* Project object */ = {
			isa = PBXProject;
			attributes = {
				BuildIndependentTargetsInParallel = 1;
				LastSwiftUpdateCheck = 1320;
				LastUpgradeCheck = 1320;
				TargetAttributes = {
					E7393F8927BD6F290069830A = {
						CreatedOnToolsVersion = 13.2.1;
					};
				};
			};
			buildConfigurationList = E7393F8527BD6F290069830A /* Build configuration list for PBXProject "ContactsManager" */;
			compatibilityVersion = "Xcode 13.0";
			developmentRegion = en;
			hasScannedForEncodings = 0;
			knownRegions = (
				en,
				Base,
			);
			mainGroup = E7393F8127BD6F290069830A;
			productRefGroup = E7393F8B27BD6F290069830A /* Products */;
			projectDirPath = "";
			projectRoot = "";
			targets = (
				E7393F8927BD6F290069830A /* ContactsManager */,
			);
		};
/* End PBXProject section */

/* Begin PBXResourcesBuildPhase section */
		E7393F8827BD6F290069830A /* Resources */ = {
			isa = PBXResourcesBuildPhase;
			buildActionMask = 2147483647;
			files = (
				E7393F9A27BD6F2A0069830A /* LaunchScreen.storyboard in Resources */,
				E7393F9727BD6F2A0069830A /* Assets.xcassets in Resources */,
				E7393F9527BD6F290069830A /* Main.storyboard in Resources */,
			);
			runOnlyForDeploymentPostprocessing = 0;
		};
/* End PBXResourcesBuildPhase section */

/* Begin PBXSourcesBuildPhase section */
		E7393F8627BD6F290069830A /* Sources */ = {
			isa = PBXSourcesBuildPhase;
			buildActionMask = 2147483647;
			files = (
				E7393F9227BD6F290069830A /* ViewController.swift in Sources */,
				E7393F8E27BD6F290069830A /* AppDelegate.swift in Sources */,
				E7393F9027BD6F290069830A /* SceneDelegate.swift in Sources */,
				E7393FA627BD6FB30069830A /* ContactView.swift in Sources */,
				E7393FAC27BD766E0069830A /* ContactModelItem.swift in Sources */,
				E7393FAA27BD750B0069830A /* ContactModel.swift in Sources */,
				E7393FA827BD73BA0069830A /* ContactViewCell.swift in Sources */,
			);
			runOnlyForDeploymentPostprocessing = 0;
		};
/* End PBXSourcesBuildPhase section */

/* Begin PBXVariantGroup section */
		E7393F9327BD6F290069830A /* Main.storyboard */ = {
			isa = PBXVariantGroup;
			children = (
				E7393F9427BD6F290069830A /* Base */,
			);
			name = Main.storyboard;
			sourceTree = "<group>";
		};
		E7393F9827BD6F2A0069830A /* LaunchScreen.storyboard */ = {
			isa = PBXVariantGroup;
			children = (
				E7393F9927BD6F2A0069830A /* Base */,
			);
			name = LaunchScreen.storyboard;
			sourceTree = "<group>";
		};
/* End PBXVariantGroup section */

/* Begin XCBuildConfiguration section */
		E7393F9C27BD6F2A0069830A /* Debug */ = {
			isa = XCBuildConfiguration;
			buildSettings = {
				ALWAYS_SEARCH_USER_PATHS = NO;
				CLANG_ANALYZER_NONNULL = YES;
				CLANG_ANALYZER_NUMBER_OBJECT_CONVERSION = YES_AGGRESSIVE;
				CLANG_CXX_LANGUAGE_STANDARD = "gnu++17";
				CLANG_CXX_LIBRARY = "libc++";
				CLANG_ENABLE_MODULES = YES;
				CLANG_ENABLE_OBJC_ARC = YES;
				CLANG_ENABLE_OBJC_WEAK = YES;
				CLANG_WARN_BLOCK_CAPTURE_AUTORELEASING = YES;
				CLANG_WARN_BOOL_CONVERSION = YES;
				CLANG_WARN_COMMA = YES;
				CLANG_WARN_CONSTANT_CONVERSION = YES;
				CLANG_WARN_DEPRECATED_OBJC_IMPLEMENTATIONS = YES;
				CLANG_WARN_DIRECT_OBJC_ISA_USAGE = YES_ERROR;
				CLANG_WARN_DOCUMENTATION_COMMENTS = YES;
				CLANG_WARN_EMPTY_BODY = YES;
				CLANG_WARN_ENUM_CONVERSION = YES;
				CLANG_WARN_INFINITE_RECURSION = YES;
				CLANG_WARN_INT_CONVERSION = YES;
				CLANG_WARN_NON_LITERAL_NULL_CONVERSION = YES;
				CLANG_WARN_OBJC_IMPLICIT_RETAIN_SELF = YES;
				CLANG_WARN_OBJC_LITERAL_CONVERSION = YES;
				CLANG_WARN_OBJC_ROOT_CLASS = YES_ERROR;
				CLANG_WARN_QUOTED_INCLUDE_IN_FRAMEWORK_HEADER = YES;
				CLANG_WARN_RANGE_LOOP_ANALYSIS = YES;
				CLANG_WARN_STRICT_PROTOTYPES = YES;
				CLANG_WARN_SUSPICIOUS_MOVE = YES;
				CLANG_WARN_UNGUARDED_AVAILABILITY = YES_AGGRESSIVE;
				CLANG_WARN_UNREACHABLE_CODE = YES;
				CLANG_WARN__DUPLICATE_METHOD_MATCH = YES;
				COPY_PHASE_STRIP = NO;
				DEBUG_INFORMATION_FORMAT = dwarf;
				ENABLE_STRICT_OBJC_MSGSEND = YES;
				ENABLE_TESTABILITY = YES;
				GCC_C_LANGUAGE_STANDARD = gnu11;
				GCC_DYNAMIC_NO_PIC = NO;
				GCC_NO_COMMON_BLOCKS = YES;
				GCC_OPTIMIZATION_LEVEL = 0;
				GCC_PREPROCESSOR_DEFINITIONS = (
					"DEBUG=1",
					"$(inherited)",
				);
				GCC_WARN_64_TO_32_BIT_CONVERSION = YES;
				GCC_WARN_ABOUT_RETURN_TYPE = YES_ERROR;
				GCC_WARN_UNDECLARED_SELECTOR = YES;
				GCC_WARN_UNINITIALIZED_AUTOS = YES_AGGRESSIVE;
				GCC_WARN_UNUSED_FUNCTION = YES;
				GCC_WARN_UNUSED_VARIABLE = YES;
				IPHONEOS_DEPLOYMENT_TARGET = 13.0;
				MTL_ENABLE_DEBUG_INFO = INCLUDE_SOURCE;
				MTL_FAST_MATH = YES;
				ONLY_ACTIVE_ARCH = YES;
				SDKROOT = iphoneos;
				SWIFT_ACTIVE_COMPILATION_CONDITIONS = DEBUG;
				SWIFT_OPTIMIZATION_LEVEL = "-Onone";
			};
			name = Debug;
		};
		E7393F9D27BD6F2A0069830A /* Release */ = {
			isa = XCBuildConfiguration;
			buildSettings = {
				ALWAYS_SEARCH_USER_PATHS = NO;
				CLANG_ANALYZER_NONNULL = YES;
				CLANG_ANALYZER_NUMBER_OBJECT_CONVERSION = YES_AGGRESSIVE;
				CLANG_CXX_LANGUAGE_STANDARD = "gnu++17";
				CLANG_CXX_LIBRARY = "libc++";
				CLANG_ENABLE_MODULES = YES;
				CLANG_ENABLE_OBJC_ARC = YES;
				CLANG_ENABLE_OBJC_WEAK = YES;
				CLANG_WARN_BLOCK_CAPTURE_AUTORELEASING = YES;
				CLANG_WARN_BOOL_CONVERSION = YES;
				CLANG_WARN_COMMA = YES;
				CLANG_WARN_CONSTANT_CONVERSION = YES;
				CLANG_WARN_DEPRECATED_OBJC_IMPLEMENTATIONS = YES;
				CLANG_WARN_DIRECT_OBJC_ISA_USAGE = YES_ERROR;
				CLANG_WARN_DOCUMENTATION_COMMENTS = YES;
				CLANG_WARN_EMPTY_BODY = YES;
				CLANG_WARN_ENUM_CONVERSION = YES;
				CLANG_WARN_INFINITE_RECURSION = YES;
				CLANG_WARN_INT_CONVERSION = YES;
				CLANG_WARN_NON_LITERAL_NULL_CONVERSION = YES;
				CLANG_WARN_OBJC_IMPLICIT_RETAIN_SELF = YES;
				CLANG_WARN_OBJC_LITERAL_CONVERSION = YES;
				CLANG_WARN_OBJC_ROOT_CLASS = YES_ERROR;
				CLANG_WARN_QUOTED_INCLUDE_IN_FRAMEWORK_HEADER = YES;
				CLANG_WARN_RANGE_LOOP_ANALYSIS = YES;
				CLANG_WARN_STRICT_PROTOTYPES = YES;
				CLANG_WARN_SUSPICIOUS_MOVE = YES;
				CLANG_WARN_UNGUARDED_AVAILABILITY = YES_AGGRESSIVE;
				CLANG_WARN_UNREACHABLE_CODE = YES;
				CLANG_WARN__DUPLICATE_METHOD_MATCH = YES;
				COPY_PHASE_STRIP = NO;
				DEBUG_INFORMATION_FORMAT = "dwarf-with-dsym";
				ENABLE_NS_ASSERTIONS = NO;
				ENABLE_STRICT_OBJC_MSGSEND = YES;
				GCC_C_LANGUAGE_STANDARD = gnu11;
				GCC_NO_COMMON_BLOCKS = YES;
				GCC_WARN_64_TO_32_BIT_CONVERSION = YES;
				GCC_WARN_ABOUT_RETURN_TYPE = YES_ERROR;
				GCC_WARN_UNDECLARED_SELECTOR = YES;
				GCC_WARN_UNINITIALIZED_AUTOS = YES_AGGRESSIVE;
				GCC_WARN_UNUSED_FUNCTION = YES;
				GCC_WARN_UNUSED_VARIABLE = YES;
				IPHONEOS_DEPLOYMENT_TARGET = 13.0;
				MTL_ENABLE_DEBUG_INFO = NO;
				MTL_FAST_MATH = YES;
				SDKROOT = iphoneos;
				SWIFT_COMPILATION_MODE = wholemodule;
				SWIFT_OPTIMIZATION_LEVEL = "-O";
				VALIDATE_PRODUCT = YES;
			};
			name = Release;
		};
		E7393F9F27BD6F2A0069830A /* Debug */ = {
			isa = XCBuildConfiguration;
			buildSettings = {
				ASSETCATALOG_COMPILER_APPICON_NAME = AppIcon;
				ASSETCATALOG_COMPILER_GLOBAL_ACCENT_COLOR_NAME = AccentColor;
				CODE_SIGN_STYLE = Automatic;
				CURRENT_PROJECT_VERSION = 1;
				DEVELOPMENT_TEAM = V55HUZ27QV;
				GENERATE_INFOPLIST_FILE = YES;
				INFOPLIST_FILE = ContactsManager/Resources/Info.plist;
				INFOPLIST_KEY_UIApplicationSupportsIndirectInputEvents = YES;
				INFOPLIST_KEY_UILaunchStoryboardName = LaunchScreen;
				INFOPLIST_KEY_UIMainStoryboardFile = Main;
				INFOPLIST_KEY_UISupportedInterfaceOrientations = UIInterfaceOrientationPortrait;
				INFOPLIST_KEY_UISupportedInterfaceOrientations_iPad = "UIInterfaceOrientationPortrait UIInterfaceOrientationPortraitUpsideDown UIInterfaceOrientationLandscapeLeft UIInterfaceOrientationLandscapeRight";
				INFOPLIST_KEY_UISupportedInterfaceOrientations_iPhone = "UIInterfaceOrientationPortrait UIInterfaceOrientationLandscapeLeft UIInterfaceOrientationLandscapeRight";
				IPHONEOS_DEPLOYMENT_TARGET = 13.0;
				LD_RUNPATH_SEARCH_PATHS = (
					"$(inherited)",
					"@executable_path/Frameworks",
				);
				MARKETING_VERSION = 1.0;
				PRODUCT_BUNDLE_IDENTIFIER = test.ContactsManager;
				PRODUCT_NAME = "$(TARGET_NAME)";
				SWIFT_EMIT_LOC_STRINGS = YES;
				SWIFT_VERSION = 5.0;
				TARGETED_DEVICE_FAMILY = 1;
			};
			name = Debug;
		};
		E7393FA027BD6F2A0069830A /* Release */ = {
			isa = XCBuildConfiguration;
			buildSettings = {
				ASSETCATALOG_COMPILER_APPICON_NAME = AppIcon;
				ASSETCATALOG_COMPILER_GLOBAL_ACCENT_COLOR_NAME = AccentColor;
				CODE_SIGN_STYLE = Automatic;
				CURRENT_PROJECT_VERSION = 1;
				DEVELOPMENT_TEAM = V55HUZ27QV;
				GENERATE_INFOPLIST_FILE = YES;
				INFOPLIST_FILE = ContactsManager/Resources/Info.plist;
				INFOPLIST_KEY_UIApplicationSupportsIndirectInputEvents = YES;
				INFOPLIST_KEY_UILaunchStoryboardName = LaunchScreen;
				INFOPLIST_KEY_UIMainStoryboardFile = Main;
				INFOPLIST_KEY_UISupportedInterfaceOrientations = UIInterfaceOrientationPortrait;
				INFOPLIST_KEY_UISupportedInterfaceOrientations_iPad = "UIInterfaceOrientationPortrait UIInterfaceOrientationPortraitUpsideDown UIInterfaceOrientationLandscapeLeft UIInterfaceOrientationLandscapeRight";
				INFOPLIST_KEY_UISupportedInterfaceOrientations_iPhone = "UIInterfaceOrientationPortrait UIInterfaceOrientationLandscapeLeft UIInterfaceOrientationLandscapeRight";
				IPHONEOS_DEPLOYMENT_TARGET = 13.0;
				LD_RUNPATH_SEARCH_PATHS = (
					"$(inherited)",
					"@executable_path/Frameworks",
				);
				MARKETING_VERSION = 1.0;
				PRODUCT_BUNDLE_IDENTIFIER = test.ContactsManager;
				PRODUCT_NAME = "$(TARGET_NAME)";
				SWIFT_EMIT_LOC_STRINGS = YES;
				SWIFT_VERSION = 5.0;
				TARGETED_DEVICE_FAMILY = 1;
			};
			name = Release;
		};
/* End XCBuildConfiguration section */

/* Begin XCConfigurationList section */
		E7393F8527BD6F290069830A /* Build configuration list for PBXProject "ContactsManager" */ = {
			isa = XCConfigurationList;
			buildConfigurations = (
				E7393F9C27BD6F2A0069830A /* Debug */,
				E7393F9D27BD6F2A0069830A /* Release */,
			);
			defaultConfigurationIsVisible = 0;
			defaultConfigurationName = Release;
		};
		E7393F9E27BD6F2A0069830A /* Build configuration list for PBXNativeTarget "ContactsManager" */ = {
			isa = XCConfigurationList;
			buildConfigurations = (
				E7393F9F27BD6F2A0069830A /* Debug */,
				E7393FA027BD6F2A0069830A /* Release */,
			);
			defaultConfigurationIsVisible = 0;
			defaultConfigurationName = Release;
		};
/* End XCConfigurationList section */
	};
	rootObject = E7393F8227BD6F290069830A /* Project object */;
}
